
Microsoft Visual Studio Solution File, Format Version 12.00
# Visual Studio Version 16
VisualStudioVersion = 16.0.30804.86
MinimumVisualStudioVersion = 10.0.40219.1
Project("{FAE04EC0-301F-11D3-BF4B-00C04F79EFBC}") = "ProjectSweater", "ProjectSweater.csproj", "{FC201DA4-E143-42FE-8BCB-03F1E2725692}"
EndProject
Global
	GlobalSection(SolutionConfigurationPlatforms) = preSolution
		Debug|Any CPU = Debug|Any CPU
		Release|Any CPU = Release|Any CPU
	EndGlobalSection
	GlobalSection(ProjectConfigurationPlatforms) = postSolution
		{FC201DA4-E143-42FE-8BCB-03F1E2725692}.Debug|Any CPU.ActiveCfg = Debug|Any CPU
		{FC201DA4-E143-42FE-8BCB-03F1E2725692}.Debug|Any CPU.Build.0 = Debug|Any CPU
		{FC201DA4-E143-42FE-8BCB-03F1E2725692}.Release|Any CPU.ActiveCfg = Release|Any CPU
		{FC201DA4-E143-42FE-8BCB-03F1E2725692}.Release|Any CPU.Build.0 = Release|Any CPU
	EndGlobalSection
	GlobalSection(SolutionProperties) = preSolution
		HideSolutionNode = FALSE
	EndGlobalSection
	GlobalSection(ExtensibilityGlobals) = postSolution
		SolutionGuid = {52F0DC78-AFAD-41DF-BFFE-BA9F21D78193}
	EndGlobalSection
EndGlobal
